{
  "version": 4,
  "terraform_version": "0.12.9",
  "serial": 54,
  "lineage": "08fe38f1-b3eb-64e5-fb60-b802811a90c7",
  "outputs": {
    "InstancePrivateIP": {
      "value": [
        [
          "192.168.100.34"
        ]
      ],
      "type": [
        "tuple",
        [
          [
            "tuple",
            [
              "string"
            ]
          ]
        ]
      ]
    },
    "InstancePublicIP": {
      "value": [
        [
          "129.146.9.114"
        ]
      ],
      "type": [
        "tuple",
        [
          [
            "tuple",
            [
              "string"
            ]
          ]
        ]
      ]
    }
  },
  "resources": [
    {
      "mode": "data",
      "type": "oci_identity_availability_domains",
      "name": "ADs",
      "provider": "provider.oci",
      "instances": [
        {
          "schema_version": 0,
          "attributes": {
            "availability_domains": [
              {
                "compartment_id": "ocid1.tenancy.oc1..aaaaaaaax5ampzjx7vavvhngbe4zh4odhdhx2p7vs3wtyxukb5pgeqrx75eq",
                "id": "ocid1.availabilitydomain.oc1..aaaaaaaaupx7ga46w4xbb3fnkoh7rtyumacyb3ek6bw7bt3qff3mgt3mbrlq",
                "name": "gdfP:PHX-AD-1"
              },
              {
                "compartment_id": "ocid1.tenancy.oc1..aaaaaaaax5ampzjx7vavvhngbe4zh4odhdhx2p7vs3wtyxukb5pgeqrx75eq",
                "id": "ocid1.availabilitydomain.oc1..aaaaaaaac7uydq54rcymamzauv5pd23qk2g2vqlrfu5jd3y6i6qxpvvzkf7a",
                "name": "gdfP:PHX-AD-2"
              },
              {
                "compartment_id": "ocid1.tenancy.oc1..aaaaaaaax5ampzjx7vavvhngbe4zh4odhdhx2p7vs3wtyxukb5pgeqrx75eq",
                "id": "ocid1.availabilitydomain.oc1..aaaaaaaakemzo4ywaynz573sk4jpvwuqi7vmcuxajxfv4jjj2pthez3j2hbq",
                "name": "gdfP:PHX-AD-3"
              }
            ],
            "compartment_id": "ocid1.tenancy.oc1..aaaaaaaax5ampzjx7vavvhngbe4zh4odhdhx2p7vs3wtyxukb5pgeqrx75eq",
            "filter": null,
            "id": "2019-10-08 14:41:48.351114 +0000 UTC"
          }
        }
      ]
    },
    {
      "mode": "managed",
      "type": "oci_core_instance",
      "name": "test_instance",
      "each": "list",
      "provider": "provider.oci",
      "instances": [
        {
          "index_key": 0,
          "schema_version": 0,
          "attributes": {
            "agent_config": [
              {
                "is_monitoring_disabled": false
              }
            ],
            "availability_domain": "gdfP:PHX-AD-1",
            "boot_volume_id": "ocid1.bootvolume.oc1.phx.abyhqljtcg2cxnrfa3ztr56lbvpnxwkuhjkss7zjn53ozhagcxuwhqaram3a",
            "compartment_id": "ocid1.tenancy.oc1..aaaaaaaax5ampzjx7vavvhngbe4zh4odhdhx2p7vs3wtyxukb5pgeqrx75eq",
            "create_vnic_details": [
              {
                "assign_public_ip": "true",
                "defined_tags": {},
                "display_name": "TerraformInstance",
                "freeform_tags": {},
                "hostname_label": "",
                "nsg_ids": null,
                "private_ip": "192.168.100.34",
                "skip_source_dest_check": false,
                "subnet_id": "ocid1.subnet.oc1.phx.aaaaaaaaipgprrcd2zgccgudlgvlk3gup4msj67jg5om5cpcfmjedq54yaha"
              }
            ],
            "dedicated_vm_host_id": null,
            "defined_tags": {},
            "display_name": "TerraformInstance",
            "extended_metadata": null,
            "fault_domain": "FAULT-DOMAIN-1",
            "freeform_tags": {},
            "hostname_label": "",
            "id": "ocid1.instance.oc1.phx.anyhqljtaaolwoacpj5xd4phbqdu2kidvupqg65xf76ugbesj6xxlutmm6xq",
            "image": "ocid1.image.oc1.phx.aaaaaaaamr3vh7ht5agrpmjq3yn5ioq5mms7oa67bcc3qzx2a3tu3p5inqla",
            "ipxe_script": null,
            "is_pv_encryption_in_transit_enabled": null,
            "launch_mode": "NATIVE",
            "launch_options": [
              {
                "boot_volume_type": "PARAVIRTUALIZED",
                "firmware": "UEFI_64",
                "is_consistent_volume_naming_enabled": true,
                "is_pv_encryption_in_transit_enabled": true,
                "network_type": "VFIO",
                "remote_data_volume_type": "PARAVIRTUALIZED"
              }
            ],
            "metadata": {
              "ssh_authorized_keys": "ssh-rsa AAAAB3NzaC1yc2EAAAADAQABAAABAQDCcY9YA9IHL/BfE7RgHg5t2Q6H8ymXY5xkzcmvzOJV5OdtCkkRFBnxLwKjX/fUskZU13hatNHIPB8hb4tjkteaDWYLIuznC6ZU+rnBCZbz5dH+hJgeT9JaQn5dzWj3pPUAgc6HnbXeSRkomUnUZUxEH4Oigb37usFKUm3Y29imTnsmH/wfZMi3d7qAuagJOcyMwh80vx0SQtNDtf+yDIiTKXCHpIMmsv9KYlFTevDeyTNAfWRrHn5rEpNGCR2SCvUY//2HIhrFM95mkcQ7oLa8c8ZpFYQn/Nz9LuWH7I/czww9G/1iDhNr1lye3Lb3SQZJjf0OgzFz3xMtlXC48C+T rintaro.yamasaki@rintaroyamasaki-no-MacBook-Pro.local"
            },
            "preserve_boot_volume": null,
            "private_ip": "192.168.100.34",
            "public_ip": "129.146.9.114",
            "region": "phx",
            "shape": "VM.Standard2.1",
            "source_details": [
              {
                "boot_volume_size_in_gbs": "47",
                "kms_key_id": "",
                "source_id": "ocid1.image.oc1.phx.aaaaaaaamr3vh7ht5agrpmjq3yn5ioq5mms7oa67bcc3qzx2a3tu3p5inqla",
                "source_type": "image"
              }
            ],
            "state": "RUNNING",
            "subnet_id": "ocid1.subnet.oc1.phx.aaaaaaaaipgprrcd2zgccgudlgvlk3gup4msj67jg5om5cpcfmjedq54yaha",
            "system_tags": {},
            "time_created": "2019-10-08 14:41:57.26 +0000 UTC",
            "time_maintenance_reboot_due": "",
            "timeouts": null
          },
          "private": "eyJlMmJmYjczMC1lY2FhLTExZTYtOGY4OC0zNDM2M2JjN2M0YzAiOnsiY3JlYXRlIjo3MjAwMDAwMDAwMDAwLCJkZWxldGUiOjcyMDAwMDAwMDAwMDAsInVwZGF0ZSI6NzIwMDAwMDAwMDAwMH19",
          "depends_on": [
            "oci_core_subnet.test_web_subnet"
          ]
        }
      ]
    },
    {
      "mode": "managed",
      "type": "oci_core_internet_gateway",
      "name": "test_internet_gateway",
      "provider": "provider.oci",
      "instances": [
        {
          "schema_version": 0,
          "attributes": {
            "compartment_id": "ocid1.tenancy.oc1..aaaaaaaax5ampzjx7vavvhngbe4zh4odhdhx2p7vs3wtyxukb5pgeqrx75eq",
            "defined_tags": {
              "terraform.terraform-created": "ocid1.tagdefinition.oc1..aaaaaaaaz5coj2jsig5qiwpgdsz2i42ssh3ia5dycfa4l7inww25pgg3g62q"
            },
            "display_name": "Terraform-IGW",
            "enabled": true,
            "freeform_tags": {},
            "id": "ocid1.internetgateway.oc1.phx.aaaaaaaadl35zc6twsbk3mkvjr23rhlmaare2htfivarl4be2rljgbjfc7ba",
            "state": "AVAILABLE",
            "time_created": "2019-10-08 14:41:53.55 +0000 UTC",
            "timeouts": null,
            "vcn_id": "ocid1.vcn.oc1.phx.aaaaaaaa4igisaq2jop6zl7qzfbjexur6bgh5ccxfcad3i4jhrpmrp7gesba"
          },
          "private": "eyJlMmJmYjczMC1lY2FhLTExZTYtOGY4OC0zNDM2M2JjN2M0YzAiOnsiY3JlYXRlIjo5MDAwMDAwMDAwMDAsImRlbGV0ZSI6OTAwMDAwMDAwMDAwLCJ1cGRhdGUiOjkwMDAwMDAwMDAwMH19",
          "depends_on": [
            "oci_core_vcn.test_vcn"
          ]
        }
      ]
    },
    {
      "mode": "managed",
      "type": "oci_core_route_table",
      "name": "test_route_table",
      "provider": "provider.oci",
      "instances": [
        {
          "schema_version": 0,
          "attributes": {
            "compartment_id": "ocid1.tenancy.oc1..aaaaaaaax5ampzjx7vavvhngbe4zh4odhdhx2p7vs3wtyxukb5pgeqrx75eq",
            "defined_tags": {
              "terraform.terraform-created": "ocid1.tagdefinition.oc1..aaaaaaaaz5coj2jsig5qiwpgdsz2i42ssh3ia5dycfa4l7inww25pgg3g62q"
            },
            "display_name": "Terraform_RT_Web",
            "freeform_tags": {},
            "id": "ocid1.routetable.oc1.phx.aaaaaaaapffa6zegaaj6a6l5arq24yzrc3dpwhiktn55kokkjr76tc57l4ia",
            "route_rules": [
              {
                "cidr_block": "",
                "destination": "0.0.0.0/0",
                "destination_type": "CIDR_BLOCK",
                "network_entity_id": "ocid1.internetgateway.oc1.phx.aaaaaaaadl35zc6twsbk3mkvjr23rhlmaare2htfivarl4be2rljgbjfc7ba"
              }
            ],
            "state": "AVAILABLE",
            "time_created": "2019-10-08 14:41:54.766 +0000 UTC",
            "timeouts": null,
            "vcn_id": "ocid1.vcn.oc1.phx.aaaaaaaa4igisaq2jop6zl7qzfbjexur6bgh5ccxfcad3i4jhrpmrp7gesba"
          },
          "private": "eyJlMmJmYjczMC1lY2FhLTExZTYtOGY4OC0zNDM2M2JjN2M0YzAiOnsiY3JlYXRlIjo5MDAwMDAwMDAwMDAsImRlbGV0ZSI6OTAwMDAwMDAwMDAwLCJ1cGRhdGUiOjkwMDAwMDAwMDAwMH19",
          "depends_on": [
            "oci_core_internet_gateway.test_internet_gateway",
            "oci_core_vcn.test_vcn"
          ]
        }
      ]
    },
    {
      "mode": "managed",
      "type": "oci_core_security_list",
      "name": "test_security_list_web",
      "provider": "provider.oci",
      "instances": [
        {
          "schema_version": 0,
          "attributes": {
            "compartment_id": "ocid1.tenancy.oc1..aaaaaaaax5ampzjx7vavvhngbe4zh4odhdhx2p7vs3wtyxukb5pgeqrx75eq",
            "defined_tags": {
              "terraform.terraform-created": "ocid1.tagdefinition.oc1..aaaaaaaaz5coj2jsig5qiwpgdsz2i42ssh3ia5dycfa4l7inww25pgg3g62q"
            },
            "display_name": "Terraform_SL_Web",
            "egress_security_rules": [
              {
                "destination": "0.0.0.0/0",
                "destination_type": "CIDR_BLOCK",
                "icmp_options": [],
                "protocol": "6",
                "stateless": false,
                "tcp_options": [],
                "udp_options": []
              }
            ],
            "freeform_tags": {},
            "id": "ocid1.securitylist.oc1.phx.aaaaaaaarkoz34o52pumqdermxdxafsns72c7iamjneixhlo5bxybaebgjeq",
            "ingress_security_rules": [
              {
                "icmp_options": [],
                "protocol": "6",
                "source": "0.0.0.0/0",
                "source_type": "CIDR_BLOCK",
                "stateless": false,
                "tcp_options": [
                  {
                    "max": 22,
                    "min": 22,
                    "source_port_range": []
                  }
                ],
                "udp_options": []
              }
            ],
            "state": "AVAILABLE",
            "time_created": "2019-10-08 14:41:54.098 +0000 UTC",
            "timeouts": null,
            "vcn_id": "ocid1.vcn.oc1.phx.aaaaaaaa4igisaq2jop6zl7qzfbjexur6bgh5ccxfcad3i4jhrpmrp7gesba"
          },
          "private": "eyJlMmJmYjczMC1lY2FhLTExZTYtOGY4OC0zNDM2M2JjN2M0YzAiOnsiY3JlYXRlIjo5MDAwMDAwMDAwMDAsImRlbGV0ZSI6OTAwMDAwMDAwMDAwLCJ1cGRhdGUiOjkwMDAwMDAwMDAwMH19",
          "depends_on": [
            "oci_core_vcn.test_vcn"
          ]
        }
      ]
    },
    {
      "mode": "managed",
      "type": "oci_core_subnet",
      "name": "test_web_subnet",
      "provider": "provider.oci",
      "instances": [
        {
          "schema_version": 0,
          "attributes": {
            "availability_domain": "gdfP:PHX-AD-1",
            "cidr_block": "192.168.100.32/27",
            "compartment_id": "ocid1.tenancy.oc1..aaaaaaaax5ampzjx7vavvhngbe4zh4odhdhx2p7vs3wtyxukb5pgeqrx75eq",
            "defined_tags": {
              "terraform.terraform-created": "ocid1.tagdefinition.oc1..aaaaaaaaz5coj2jsig5qiwpgdsz2i42ssh3ia5dycfa4l7inww25pgg3g62q"
            },
            "dhcp_options_id": "ocid1.dhcpoptions.oc1.phx.aaaaaaaapm7pmuislvahsi6f5orsnebojf32h4tjopymx2elexb22ij7c6sa",
            "display_name": "Terraform_Subnet_Web",
            "dns_label": null,
            "freeform_tags": {},
            "id": "ocid1.subnet.oc1.phx.aaaaaaaaipgprrcd2zgccgudlgvlk3gup4msj67jg5om5cpcfmjedq54yaha",
            "ipv6cidr_block": null,
            "ipv6public_cidr_block": null,
            "ipv6virtual_router_ip": null,
            "prohibit_public_ip_on_vnic": false,
            "route_table_id": "ocid1.routetable.oc1.phx.aaaaaaaapffa6zegaaj6a6l5arq24yzrc3dpwhiktn55kokkjr76tc57l4ia",
            "security_list_ids": [
              "ocid1.securitylist.oc1.phx.aaaaaaaarkoz34o52pumqdermxdxafsns72c7iamjneixhlo5bxybaebgjeq"
            ],
            "state": "AVAILABLE",
            "subnet_domain_name": null,
            "time_created": "2019-10-08 14:41:55.485 +0000 UTC",
            "timeouts": null,
            "vcn_id": "ocid1.vcn.oc1.phx.aaaaaaaa4igisaq2jop6zl7qzfbjexur6bgh5ccxfcad3i4jhrpmrp7gesba",
            "virtual_router_ip": "192.168.100.33",
            "virtual_router_mac": "00:00:17:43:60:17"
          },
          "private": "eyJlMmJmYjczMC1lY2FhLTExZTYtOGY4OC0zNDM2M2JjN2M0YzAiOnsiY3JlYXRlIjo5MDAwMDAwMDAwMDAsImRlbGV0ZSI6OTAwMDAwMDAwMDAwLCJ1cGRhdGUiOjkwMDAwMDAwMDAwMH19",
          "depends_on": [
            "data.oci_identity_availability_domains.ADs",
            "oci_core_route_table.test_route_table",
            "oci_core_security_list.test_security_list_web",
            "oci_core_vcn.test_vcn"
          ]
        }
      ]
    },
    {
      "mode": "managed",
      "type": "oci_core_vcn",
      "name": "test_vcn",
      "provider": "provider.oci",
      "instances": [
        {
          "schema_version": 0,
          "attributes": {
            "cidr_block": "192.168.100.0/24",
            "compartment_id": "ocid1.tenancy.oc1..aaaaaaaax5ampzjx7vavvhngbe4zh4odhdhx2p7vs3wtyxukb5pgeqrx75eq",
            "default_dhcp_options_id": "ocid1.dhcpoptions.oc1.phx.aaaaaaaapm7pmuislvahsi6f5orsnebojf32h4tjopymx2elexb22ij7c6sa",
            "default_route_table_id": "ocid1.routetable.oc1.phx.aaaaaaaax4belvt74sfu6qhnabvs26r2urp7ijemkax4icbxijmermjc52dq",
            "default_security_list_id": "ocid1.securitylist.oc1.phx.aaaaaaaa34srdyppbaldavrod57ng7i5esl5as65hmpn7svhoea434ilx7qq",
            "defined_tags": {
              "terraform.terraform-created": "ocid1.tagdefinition.oc1..aaaaaaaaz5coj2jsig5qiwpgdsz2i42ssh3ia5dycfa4l7inww25pgg3g62q"
            },
            "display_name": "Terraform-VCN",
            "dns_label": null,
            "freeform_tags": {},
            "id": "ocid1.vcn.oc1.phx.aaaaaaaa4igisaq2jop6zl7qzfbjexur6bgh5ccxfcad3i4jhrpmrp7gesba",
            "ipv6cidr_block": null,
            "ipv6public_cidr_block": null,
            "is_ipv6enabled": null,
            "state": "AVAILABLE",
            "time_created": "2019-10-08 14:41:52.64 +0000 UTC",
            "timeouts": null,
            "vcn_domain_name": null
          },
          "private": "eyJlMmJmYjczMC1lY2FhLTExZTYtOGY4OC0zNDM2M2JjN2M0YzAiOnsiY3JlYXRlIjo5MDAwMDAwMDAwMDAsImRlbGV0ZSI6OTAwMDAwMDAwMDAwLCJ1cGRhdGUiOjkwMDAwMDAwMDAwMH19"
        }
      ]
    }
  ]
}
